<?xml version="1.0" encoding="utf-8"?>
<Project ToolsVersion="4.0" xmlns="http://schemas.microsoft.com/developer/msbuild/2003">
  <ItemGroup>
    <Filter Include="ソース ファイル">
      <UniqueIdentifier>{4FC737F1-C7A5-4376-A066-2A32D752A2FF}</UniqueIdentifier>
      <Extensions>cpp;c;cc;cxx;def;odl;idl;hpj;bat;asm;asmx</Extensions>
    </Filter>
    <Filter Include="ヘッダー ファイル">
      <UniqueIdentifier>{93995380-89BD-4b04-88EB-625FBE52EBFB}</UniqueIdentifier>
      <Extensions>h;hh;hpp;hxx;hm;inl;inc;xsd</Extensions>
    </Filter>
    <Filter Include="リソース ファイル">
      <UniqueIdentifier>{67DA6AB6-F800-4c08-8B7A-83BB121AAD01}</UniqueIdentifier>
      <Extensions>rc;ico;cur;bmp;dlg;rc2;rct;bin;rgs;gif;jpg;jpeg;jpe;resx;tiff;tif;png;wav;mfcribbon-ms</Extensions>
    </Filter>
    <Filter Include="ヘッダー ファイル\example">
      <UniqueIdentifier>{b335a5f9-66e2-4fdf-996a-291c1ec74d34}</UniqueIdentifier>
    </Filter>
    <Filter Include="ソース ファイル\example">
      <UniqueIdentifier>{da3541e8-21e4-4577-90d4-4588f86c4cd4}</UniqueIdentifier>
    </Filter>
    <Filter Include="ヘッダー ファイル\external">
      <UniqueIdentifier>{10265700-d179-4782-8ed3-69d373b73052}</UniqueIdentifier>
    </Filter>
  </ItemGroup>
  <ItemGroup>
    <Text Include="ReadMe.txt" />
  </ItemGroup>
  <ItemGroup>
    <ClCompile Include="main.cpp">
      <Filter>ソース ファイル</Filter>
    </ClCompile>
    <ClCompile Include="example\file_test.cpp">
      <Filter>ソース ファイル\example</Filter>
    </ClCompile>
    <ClCompile Include="example\string_test.cpp">
      <Filter>ソース ファイル\example</Filter>
    </ClCompile>
    <ClCompile Include="example\tool_test.cpp">
      <Filter>ソース ファイル\example</Filter>
    </ClCompile>
    <ClCompile Include="example\eraser_test.cpp">
      <Filter>ソース ファイル\example</Filter>
    </ClCompile>
    <ClCompile Include="example\functional_test.cpp">
      <Filter>ソース ファイル\example</Filter>
    </ClCompile>
  </ItemGroup>
  <ItemGroup>
    <ClInclude Include="botsu.hpp">
      <Filter>ヘッダー ファイル</Filter>
    </ClInclude>
    <ClInclude Include="lib\string.hpp">
      <Filter>ヘッダー ファイル</Filter>
    </ClInclude>
    <ClInclude Include="lib\sigutil.hpp">
      <Filter>ヘッダー ファイル</Filter>
    </ClInclude>
    <ClInclude Include="lib\file.hpp">
      <Filter>ヘッダー ファイル</Filter>
    </ClInclude>
    <ClInclude Include="lib\tool.hpp">
      <Filter>ヘッダー ファイル</Filter>
    </ClInclude>
    <ClInclude Include="example\file_test.h">
      <Filter>ヘッダー ファイル\example</Filter>
    </ClInclude>
    <ClInclude Include="example\string_test.h">
      <Filter>ヘッダー ファイル\example</Filter>
    </ClInclude>
    <ClInclude Include="example\tool_test.h">
      <Filter>ヘッダー ファイル\example</Filter>
    </ClInclude>
    <ClInclude Include="lib\eraser.hpp">
      <Filter>ヘッダー ファイル</Filter>
    </ClInclude>
    <ClInclude Include="example\eraser_test.h">
      <Filter>ヘッダー ファイル\example</Filter>
    </ClInclude>
    <ClInclude Include="external\container traits\container_traits.h">
      <Filter>ヘッダー ファイル\external</Filter>
    </ClInclude>
    <ClInclude Include="external\container traits\eval.h">
      <Filter>ヘッダー ファイル\external</Filter>
    </ClInclude>
    <ClInclude Include="lib\functional.hpp">
      <Filter>ヘッダー ファイル</Filter>
    </ClInclude>
    <ClInclude Include="example\functional_test.h">
      <Filter>ヘッダー ファイル\example</Filter>
    </ClInclude>
    <ClInclude Include="lib\container_helper.hpp">
      <Filter>ヘッダー ファイル</Filter>
    </ClInclude>
  </ItemGroup>
</Project>