<?xml version="1.0" encoding="utf-8"?>
<Project ToolsVersion="4.0" xmlns="http://schemas.microsoft.com/developer/msbuild/2003">
  <ItemGroup>
    <Filter Include="ソース ファイル">
      <UniqueIdentifier>{4FC737F1-C7A5-4376-A066-2A32D752A2FF}</UniqueIdentifier>
      <Extensions>cpp;c;cc;cxx;def;odl;idl;hpj;bat;asm;asmx</Extensions>
    </Filter>
    <Filter Include="ヘッダー ファイル">
      <UniqueIdentifier>{93995380-89BD-4b04-88EB-625FBE52EBFB}</UniqueIdentifier>
      <Extensions>h;hh;hpp;hxx;hm;inl;inc;xsd</Extensions>
    </Filter>
    <Filter Include="リソース ファイル">
      <UniqueIdentifier>{67DA6AB6-F800-4c08-8B7A-83BB121AAD01}</UniqueIdentifier>
      <Extensions>rc;ico;cur;bmp;dlg;rc2;rct;bin;rgs;gif;jpg;jpeg;jpe;resx;tiff;tif;png;wav;mfcribbon-ms</Extensions>
    </Filter>
    <Filter Include="ヘッダー ファイル\example">
      <UniqueIdentifier>{b335a5f9-66e2-4fdf-996a-291c1ec74d34}</UniqueIdentifier>
    </Filter>
    <Filter Include="ソース ファイル\example">
      <UniqueIdentifier>{da3541e8-21e4-4577-90d4-4588f86c4cd4}</UniqueIdentifier>
    </Filter>
    <Filter Include="ヘッダー ファイル\distance">
      <UniqueIdentifier>{d1b65559-2b91-4a40-9c75-3ed609aadf8e}</UniqueIdentifier>
    </Filter>
    <Filter Include="ヘッダー ファイル\helper">
      <UniqueIdentifier>{d9b050ec-e651-4d2b-8eba-2863c9650d8a}</UniqueIdentifier>
    </Filter>
    <Filter Include="ヘッダー ファイル\tools">
      <UniqueIdentifier>{e32b5ea4-cae9-4ef6-bfb7-38235b0fde9e}</UniqueIdentifier>
    </Filter>
    <Filter Include="ヘッダー ファイル\calculation">
      <UniqueIdentifier>{1d2064d3-2c36-46c4-a90c-87e0df5c65eb}</UniqueIdentifier>
    </Filter>
    <Filter Include="ヘッダー ファイル\string">
      <UniqueIdentifier>{37bd051e-5b1e-48b0-bf0d-3f4e272a87fa}</UniqueIdentifier>
    </Filter>
    <Filter Include="ヘッダー ファイル\file">
      <UniqueIdentifier>{ef7bf198-8b3d-4825-9a78-4a7668948f88}</UniqueIdentifier>
    </Filter>
    <Filter Include="ヘッダー ファイル\functional">
      <UniqueIdentifier>{f18fdd23-f9b3-4329-94e7-ec8a1b2a793a}</UniqueIdentifier>
    </Filter>
  </ItemGroup>
  <ItemGroup>
    <Text Include="ReadMe.txt" />
  </ItemGroup>
  <ItemGroup>
    <ClCompile Include="main.cpp">
      <Filter>ソース ファイル</Filter>
    </ClCompile>
    <ClCompile Include="example\file_test.cpp">
      <Filter>ソース ファイル\example</Filter>
    </ClCompile>
    <ClCompile Include="example\string_test.cpp">
      <Filter>ソース ファイル\example</Filter>
    </ClCompile>
    <ClCompile Include="example\tool_test.cpp">
      <Filter>ソース ファイル\example</Filter>
    </ClCompile>
    <ClCompile Include="example\functional_test.cpp">
      <Filter>ソース ファイル\example</Filter>
    </ClCompile>
    <ClCompile Include="example\modify_test.cpp">
      <Filter>ソース ファイル\example</Filter>
    </ClCompile>
    <ClCompile Include="example\calculate_test.cpp">
      <Filter>ソース ファイル\example</Filter>
    </ClCompile>
    <ClCompile Include="example\helper_test.cpp">
      <Filter>ソース ファイル\example</Filter>
    </ClCompile>
    <ClCompile Include="example\iteration_test.cpp">
      <Filter>ソース ファイル\example</Filter>
    </ClCompile>
    <ClCompile Include="example\array_test.cpp">
      <Filter>ソース ファイル\example</Filter>
    </ClCompile>
    <ClCompile Include="example\distance_test.cpp">
      <Filter>ソース ファイル\example</Filter>
    </ClCompile>
    <ClCompile Include="example\container_specialize_test.cpp">
      <Filter>ソース ファイル\example</Filter>
    </ClCompile>
    <ClCompile Include="example\performance_test.cpp">
      <Filter>ソース ファイル\example</Filter>
    </ClCompile>
    <ClCompile Include="example\ublas_test.cpp">
      <Filter>ソース ファイル\example</Filter>
    </ClCompile>
    <ClCompile Include="example\maybe_test.cpp">
      <Filter>ソース ファイル\example</Filter>
    </ClCompile>
  </ItemGroup>
  <ItemGroup>
    <ClInclude Include="lib\string.hpp">
      <Filter>ヘッダー ファイル</Filter>
    </ClInclude>
    <ClInclude Include="lib\sigutil.hpp">
      <Filter>ヘッダー ファイル</Filter>
    </ClInclude>
    <ClInclude Include="lib\file.hpp">
      <Filter>ヘッダー ファイル</Filter>
    </ClInclude>
    <ClInclude Include="example\file_test.h">
      <Filter>ヘッダー ファイル\example</Filter>
    </ClInclude>
    <ClInclude Include="example\string_test.h">
      <Filter>ヘッダー ファイル\example</Filter>
    </ClInclude>
    <ClInclude Include="example\tool_test.h">
      <Filter>ヘッダー ファイル\example</Filter>
    </ClInclude>
    <ClInclude Include="lib\functional.hpp">
      <Filter>ヘッダー ファイル</Filter>
    </ClInclude>
    <ClInclude Include="example\functional_test.h">
      <Filter>ヘッダー ファイル\example</Filter>
    </ClInclude>
    <ClInclude Include="lib\modify.hpp">
      <Filter>ヘッダー ファイル</Filter>
    </ClInclude>
    <ClInclude Include="example\modify_test.h">
      <Filter>ヘッダー ファイル\example</Filter>
    </ClInclude>
    <ClInclude Include="lib\array.hpp">
      <Filter>ヘッダー ファイル</Filter>
    </ClInclude>
    <ClInclude Include="lib\calculation.hpp">
      <Filter>ヘッダー ファイル</Filter>
    </ClInclude>
    <ClInclude Include="lib\iteration.hpp">
      <Filter>ヘッダー ファイル</Filter>
    </ClInclude>
    <ClInclude Include="example\array_test.h">
      <Filter>ヘッダー ファイル\example</Filter>
    </ClInclude>
    <ClInclude Include="example\calculate_test.h">
      <Filter>ヘッダー ファイル\example</Filter>
    </ClInclude>
    <ClInclude Include="example\helper_test.h">
      <Filter>ヘッダー ファイル\example</Filter>
    </ClInclude>
    <ClInclude Include="example\iteration_test.h">
      <Filter>ヘッダー ファイル\example</Filter>
    </ClInclude>
    <ClInclude Include="example\debug.hpp">
      <Filter>ヘッダー ファイル\example</Filter>
    </ClInclude>
    <ClInclude Include="lib\tmp\botsu.hpp">
      <Filter>ヘッダー ファイル</Filter>
    </ClInclude>
    <ClInclude Include="lib\tmp\others.hpp">
      <Filter>ヘッダー ファイル</Filter>
    </ClInclude>
    <ClInclude Include="lib\distance.hpp">
      <Filter>ヘッダー ファイル</Filter>
    </ClInclude>
    <ClInclude Include="lib\distance\cosine_similarity.hpp">
      <Filter>ヘッダー ファイル\distance</Filter>
    </ClInclude>
    <ClInclude Include="lib\distance\JS_divergence.hpp">
      <Filter>ヘッダー ファイル\distance</Filter>
    </ClInclude>
    <ClInclude Include="lib\distance\KL_divergence.hpp">
      <Filter>ヘッダー ファイル\distance</Filter>
    </ClInclude>
    <ClInclude Include="lib\distance\minkowski_distance.hpp">
      <Filter>ヘッダー ファイル\distance</Filter>
    </ClInclude>
    <ClInclude Include="lib\distance\norm.hpp">
      <Filter>ヘッダー ファイル\distance</Filter>
    </ClInclude>
    <ClInclude Include="lib\distance\binary_distance.hpp">
      <Filter>ヘッダー ファイル\distance</Filter>
    </ClInclude>
    <ClInclude Include="lib\distance\canberra_distance.hpp">
      <Filter>ヘッダー ファイル\distance</Filter>
    </ClInclude>
    <ClInclude Include="example\distance_test.h">
      <Filter>ヘッダー ファイル\example</Filter>
    </ClInclude>
    <ClInclude Include="lib\distance\comparable_check.hpp">
      <Filter>ヘッダー ファイル\distance</Filter>
    </ClInclude>
    <ClInclude Include="example\container_specialize_test.h">
      <Filter>ヘッダー ファイル\example</Filter>
    </ClInclude>
    <ClInclude Include="lib\helper\helper.hpp">
      <Filter>ヘッダー ファイル\helper</Filter>
    </ClInclude>
    <ClInclude Include="lib\helper\container_helper.hpp">
      <Filter>ヘッダー ファイル\helper</Filter>
    </ClInclude>
    <ClInclude Include="lib\calculation\binary_operation.hpp">
      <Filter>ヘッダー ファイル\calculation</Filter>
    </ClInclude>
    <ClInclude Include="lib\calculation\statistics_util.hpp">
      <Filter>ヘッダー ファイル\calculation</Filter>
    </ClInclude>
    <ClInclude Include="lib\tools\histgram.hpp">
      <Filter>ヘッダー ファイル\tools</Filter>
    </ClInclude>
    <ClInclude Include="lib\tools\percent.hpp">
      <Filter>ヘッダー ファイル\tools</Filter>
    </ClInclude>
    <ClInclude Include="lib\tools\random.hpp">
      <Filter>ヘッダー ファイル\tools</Filter>
    </ClInclude>
    <ClInclude Include="lib\tools\time_watch.hpp">
      <Filter>ヘッダー ファイル\tools</Filter>
    </ClInclude>
    <ClInclude Include="lib\string\regex.hpp">
      <Filter>ヘッダー ファイル\string</Filter>
    </ClInclude>
    <ClInclude Include="lib\string\convert.hpp">
      <Filter>ヘッダー ファイル\string</Filter>
    </ClInclude>
    <ClInclude Include="lib\string\manipulate.hpp">
      <Filter>ヘッダー ファイル\string</Filter>
    </ClInclude>
    <ClInclude Include="lib\string\tag_dealer.hpp">
      <Filter>ヘッダー ファイル\string</Filter>
    </ClInclude>
    <ClInclude Include="lib\string\replace.hpp">
      <Filter>ヘッダー ファイル\string</Filter>
    </ClInclude>
    <ClInclude Include="lib\helper\eval.hpp">
      <Filter>ヘッダー ファイル\helper</Filter>
    </ClInclude>
    <ClInclude Include="example\performance_test.h">
      <Filter>ヘッダー ファイル\example</Filter>
    </ClInclude>
    <ClInclude Include="lib\tools.hpp">
      <Filter>ヘッダー ファイル</Filter>
    </ClInclude>
    <ClInclude Include="example\ublas_test.h">
      <Filter>ヘッダー ファイル\example</Filter>
    </ClInclude>
    <ClInclude Include="lib\calculation\ublas.hpp">
      <Filter>ヘッダー ファイル\calculation</Filter>
    </ClInclude>
    <ClInclude Include="lib\tools\convergence.hpp">
      <Filter>ヘッダー ファイル\tools</Filter>
    </ClInclude>
    <ClInclude Include="lib\helper\type_map.hpp">
      <Filter>ヘッダー ファイル\helper</Filter>
    </ClInclude>
    <ClInclude Include="lib\helper\container_traits.hpp">
      <Filter>ヘッダー ファイル\helper</Filter>
    </ClInclude>
    <ClInclude Include="lib\helper\maybe.hpp">
      <Filter>ヘッダー ファイル\helper</Filter>
    </ClInclude>
    <ClInclude Include="example\maybe_test.h">
      <Filter>ヘッダー ファイル\example</Filter>
    </ClInclude>
    <ClInclude Include="lib\file\load.hpp">
      <Filter>ヘッダー ファイル\file</Filter>
    </ClInclude>
    <ClInclude Include="lib\file\pass.hpp">
      <Filter>ヘッダー ファイル\file</Filter>
    </ClInclude>
    <ClInclude Include="lib\file\save.hpp">
      <Filter>ヘッダー ファイル\file</Filter>
    </ClInclude>
    <ClInclude Include="lib\functional\high_order.hpp">
      <Filter>ヘッダー ファイル\functional</Filter>
    </ClInclude>
    <ClInclude Include="lib\functional\zip.hpp">
      <Filter>ヘッダー ファイル\functional</Filter>
    </ClInclude>
    <ClInclude Include="lib\functional\filter.hpp">
      <Filter>ヘッダー ファイル\functional</Filter>
    </ClInclude>
    <ClInclude Include="lib\functional\list_deal.hpp">
      <Filter>ヘッダー ファイル\functional</Filter>
    </ClInclude>
    <ClInclude Include="lib\functional\rest.hpp">
      <Filter>ヘッダー ファイル\functional</Filter>
    </ClInclude>
    <ClInclude Include="lib\functional\fold.hpp">
      <Filter>ヘッダー ファイル\functional</Filter>
    </ClInclude>
  </ItemGroup>
</Project>