<?xml version="1.0" encoding="utf-8"?>
<Project ToolsVersion="4.0" xmlns="http://schemas.microsoft.com/developer/msbuild/2003">
  <ItemGroup>
    <Filter Include="Source Files">
      <UniqueIdentifier>{4FC737F1-C7A5-4376-A066-2A32D752A2FF}</UniqueIdentifier>
      <Extensions>cpp;c;cc;cxx;def;odl;idl;hpj;bat;asm;asmx</Extensions>
    </Filter>
    <Filter Include="Header Files">
      <UniqueIdentifier>{93995380-89BD-4b04-88EB-625FBE52EBFB}</UniqueIdentifier>
      <Extensions>h;hh;hpp;hxx;hm;inl;inc;xsd</Extensions>
    </Filter>
    <Filter Include="Resource Files">
      <UniqueIdentifier>{67DA6AB6-F800-4c08-8B7A-83BB121AAD01}</UniqueIdentifier>
      <Extensions>rc;ico;cur;bmp;dlg;rc2;rct;bin;rgs;gif;jpg;jpeg;jpe;resx;tiff;tif;png;wav</Extensions>
    </Filter>
    <Filter Include="Header Files\test">
      <UniqueIdentifier>{3cfd9b00-06cc-4b22-b5bf-754a1dd0617d}</UniqueIdentifier>
    </Filter>
    <Filter Include="Header Files\distance">
      <UniqueIdentifier>{fdd2af83-6285-47b1-ac5e-0177a7db0ff2}</UniqueIdentifier>
    </Filter>
    <Filter Include="Header Files\helper">
      <UniqueIdentifier>{256ceb41-6c05-4069-b386-5a523482108a}</UniqueIdentifier>
    </Filter>
    <Filter Include="Header Files\tools">
      <UniqueIdentifier>{63aa0a86-2394-4b45-9153-e8fd5b183827}</UniqueIdentifier>
    </Filter>
    <Filter Include="Header Files\calculation">
      <UniqueIdentifier>{e9492bc1-1c56-4837-aced-0e6f40e6ad34}</UniqueIdentifier>
    </Filter>
    <Filter Include="Source Files\test">
      <UniqueIdentifier>{59455b74-7c6c-41d6-b1aa-82b6ec2a431d}</UniqueIdentifier>
    </Filter>
    <Filter Include="Header Files\file">
      <UniqueIdentifier>{28ece024-f93c-4d99-83c2-3ed97926084a}</UniqueIdentifier>
    </Filter>
    <Filter Include="Header Files\functional">
      <UniqueIdentifier>{bd8b41d2-d358-4976-913f-dfeb7501ba5e}</UniqueIdentifier>
    </Filter>
    <Filter Include="Header Files\string">
      <UniqueIdentifier>{b411bf46-e669-4eba-9a6f-f3d294bbefaa}</UniqueIdentifier>
    </Filter>
    <Filter Include="Header Files\modify">
      <UniqueIdentifier>{62e6a472-f8ff-4b64-a61c-653c2ae9f5e0}</UniqueIdentifier>
    </Filter>
    <Filter Include="Header Files\container">
      <UniqueIdentifier>{d0fe3abe-4b10-4969-9ce6-bc2474a87a26}</UniqueIdentifier>
    </Filter>
  </ItemGroup>
  <ItemGroup>
    <ClCompile Include="..\..\SigUtil\main.cpp">
      <Filter>Source Files</Filter>
    </ClCompile>
    <ClCompile Include="..\..\SigUtil\example\array_test.cpp">
      <Filter>Source Files\test</Filter>
    </ClCompile>
    <ClCompile Include="..\..\SigUtil\example\calculate_test.cpp">
      <Filter>Source Files\test</Filter>
    </ClCompile>
    <ClCompile Include="..\..\SigUtil\example\container_specialize_test.cpp">
      <Filter>Source Files\test</Filter>
    </ClCompile>
    <ClCompile Include="..\..\SigUtil\example\distance_test.cpp">
      <Filter>Source Files\test</Filter>
    </ClCompile>
    <ClCompile Include="..\..\SigUtil\example\file_test.cpp">
      <Filter>Source Files\test</Filter>
    </ClCompile>
    <ClCompile Include="..\..\SigUtil\example\functional_test.cpp">
      <Filter>Source Files\test</Filter>
    </ClCompile>
    <ClCompile Include="..\..\SigUtil\example\helper_test.cpp">
      <Filter>Source Files\test</Filter>
    </ClCompile>
    <ClCompile Include="..\..\SigUtil\example\maybe_test.cpp">
      <Filter>Source Files\test</Filter>
    </ClCompile>
    <ClCompile Include="..\..\SigUtil\example\modify_test.cpp">
      <Filter>Source Files\test</Filter>
    </ClCompile>
    <ClCompile Include="..\..\SigUtil\example\string_test.cpp">
      <Filter>Source Files\test</Filter>
    </ClCompile>
    <ClCompile Include="..\..\SigUtil\example\tool_test.cpp">
      <Filter>Source Files\test</Filter>
    </ClCompile>
    <ClCompile Include="..\..\SigUtil\example\ublas_test.cpp">
      <Filter>Source Files\test</Filter>
    </ClCompile>
    <ClCompile Include="..\..\SigUtil\example\rating_matrix_test.cpp">
      <Filter>Source Files\test</Filter>
    </ClCompile>
  </ItemGroup>
  <ItemGroup>
    <ClInclude Include="..\..\SigUtil\lib\calculation.hpp">
      <Filter>Header Files</Filter>
    </ClInclude>
    <ClInclude Include="..\..\SigUtil\lib\distance.hpp">
      <Filter>Header Files</Filter>
    </ClInclude>
    <ClInclude Include="..\..\SigUtil\lib\file.hpp">
      <Filter>Header Files</Filter>
    </ClInclude>
    <ClInclude Include="..\..\SigUtil\lib\functional.hpp">
      <Filter>Header Files</Filter>
    </ClInclude>
    <ClInclude Include="..\..\SigUtil\lib\modify.hpp">
      <Filter>Header Files</Filter>
    </ClInclude>
    <ClInclude Include="..\..\SigUtil\lib\sigutil.hpp">
      <Filter>Header Files</Filter>
    </ClInclude>
    <ClInclude Include="..\..\SigUtil\lib\string.hpp">
      <Filter>Header Files</Filter>
    </ClInclude>
    <ClInclude Include="..\..\SigUtil\example\array_test.h">
      <Filter>Header Files\test</Filter>
    </ClInclude>
    <ClInclude Include="..\..\SigUtil\lib\calculation\assign_operation.hpp">
      <Filter>Header Files\calculation</Filter>
    </ClInclude>
    <ClInclude Include="..\..\SigUtil\lib\calculation\basic_statistics.hpp">
      <Filter>Header Files\calculation</Filter>
    </ClInclude>
    <ClInclude Include="..\..\SigUtil\lib\calculation\binary_operation.hpp">
      <Filter>Header Files\calculation</Filter>
    </ClInclude>
    <ClInclude Include="..\..\SigUtil\lib\distance\binary_distance.hpp">
      <Filter>Header Files\distance</Filter>
    </ClInclude>
    <ClInclude Include="..\..\SigUtil\example\calculate_test.h">
      <Filter>Header Files\test</Filter>
    </ClInclude>
    <ClInclude Include="..\..\SigUtil\lib\distance\canberra_distance.hpp">
      <Filter>Header Files\distance</Filter>
    </ClInclude>
    <ClInclude Include="..\..\SigUtil\lib\distance\comparable_check.hpp">
      <Filter>Header Files\distance</Filter>
    </ClInclude>
    <ClInclude Include="..\..\SigUtil\lib\helper\container_helper.hpp">
      <Filter>Header Files\helper</Filter>
    </ClInclude>
    <ClInclude Include="..\..\SigUtil\example\container_specialize_test.h">
      <Filter>Header Files\test</Filter>
    </ClInclude>
    <ClInclude Include="..\..\SigUtil\lib\helper\container_traits.hpp">
      <Filter>Header Files\helper</Filter>
    </ClInclude>
    <ClInclude Include="..\..\SigUtil\lib\tools\convergence.hpp">
      <Filter>Header Files\tools</Filter>
    </ClInclude>
    <ClInclude Include="..\..\SigUtil\lib\string\convert.hpp">
      <Filter>Header Files\string</Filter>
    </ClInclude>
    <ClInclude Include="..\..\SigUtil\example\debug.hpp">
      <Filter>Header Files\test</Filter>
    </ClInclude>
    <ClInclude Include="..\..\SigUtil\example\distance_test.h">
      <Filter>Header Files\test</Filter>
    </ClInclude>
    <ClInclude Include="..\..\SigUtil\lib\helper\eval.hpp">
      <Filter>Header Files\helper</Filter>
    </ClInclude>
    <ClInclude Include="..\..\SigUtil\example\file_test.h">
      <Filter>Header Files\test</Filter>
    </ClInclude>
    <ClInclude Include="..\..\SigUtil\lib\functional\fold.hpp">
      <Filter>Header Files\functional</Filter>
    </ClInclude>
    <ClInclude Include="..\..\SigUtil\lib\functional\filter.hpp">
      <Filter>Header Files\functional</Filter>
    </ClInclude>
    <ClInclude Include="..\..\SigUtil\example\functional_test.h">
      <Filter>Header Files\test</Filter>
    </ClInclude>
    <ClInclude Include="..\..\SigUtil\example\helper_test.h">
      <Filter>Header Files\test</Filter>
    </ClInclude>
    <ClInclude Include="..\..\SigUtil\lib\tools\histgram.hpp">
      <Filter>Header Files\tools</Filter>
    </ClInclude>
    <ClInclude Include="..\..\SigUtil\lib\distance\KL_divergence.hpp">
      <Filter>Header Files\distance</Filter>
    </ClInclude>
    <ClInclude Include="..\..\SigUtil\lib\functional\list_deal.hpp">
      <Filter>Header Files\functional</Filter>
    </ClInclude>
    <ClInclude Include="..\..\SigUtil\lib\functional\high_order.hpp">
      <Filter>Header Files\functional</Filter>
    </ClInclude>
    <ClInclude Include="..\..\SigUtil\lib\file\load.hpp">
      <Filter>Header Files\file</Filter>
    </ClInclude>
    <ClInclude Include="..\..\SigUtil\lib\file\save.hpp">
      <Filter>Header Files\file</Filter>
    </ClInclude>
    <ClInclude Include="..\..\SigUtil\example\maybe_test.h">
      <Filter>Header Files\test</Filter>
    </ClInclude>
    <ClInclude Include="..\..\SigUtil\lib\distance\cosine_similarity.hpp">
      <Filter>Header Files\distance</Filter>
    </ClInclude>
    <ClInclude Include="..\..\SigUtil\lib\distance\minkowski_distance.hpp">
      <Filter>Header Files\distance</Filter>
    </ClInclude>
    <ClInclude Include="..\..\SigUtil\lib\distance\norm.hpp">
      <Filter>Header Files\distance</Filter>
    </ClInclude>
    <ClInclude Include="..\..\SigUtil\lib\distance\JS_divergence.hpp">
      <Filter>Header Files\distance</Filter>
    </ClInclude>
    <ClInclude Include="..\..\SigUtil\lib\string\manipulate.hpp">
      <Filter>Header Files\string</Filter>
    </ClInclude>
    <ClInclude Include="..\..\SigUtil\lib\file\pass.hpp">
      <Filter>Header Files\file</Filter>
    </ClInclude>
    <ClInclude Include="..\..\SigUtil\lib\tools\percent.hpp">
      <Filter>Header Files\tools</Filter>
    </ClInclude>
    <ClInclude Include="..\..\SigUtil\lib\string\replace.hpp">
      <Filter>Header Files\string</Filter>
    </ClInclude>
    <ClInclude Include="..\..\SigUtil\lib\string\regex.hpp">
      <Filter>Header Files\string</Filter>
    </ClInclude>
    <ClInclude Include="..\..\SigUtil\lib\modify\sort.hpp">
      <Filter>Header Files\modify</Filter>
    </ClInclude>
    <ClInclude Include="..\..\SigUtil\lib\modify\shuffle.hpp">
      <Filter>Header Files\modify</Filter>
    </ClInclude>
    <ClInclude Include="..\..\SigUtil\lib\functional\rest.hpp">
      <Filter>Header Files\functional</Filter>
    </ClInclude>
    <ClInclude Include="..\..\SigUtil\lib\tools\random.hpp">
      <Filter>Header Files\tools</Filter>
    </ClInclude>
    <ClInclude Include="..\..\SigUtil\lib\helper\maybe.hpp">
      <Filter>Header Files\helper</Filter>
    </ClInclude>
    <ClInclude Include="..\..\SigUtil\example\string_test.h">
      <Filter>Header Files\test</Filter>
    </ClInclude>
    <ClInclude Include="..\..\SigUtil\example\tool_test.h">
      <Filter>Header Files\test</Filter>
    </ClInclude>
    <ClInclude Include="..\..\SigUtil\example\ublas_test.h">
      <Filter>Header Files\test</Filter>
    </ClInclude>
    <ClInclude Include="..\..\SigUtil\lib\tools\tag_dealer.hpp">
      <Filter>Header Files\tools</Filter>
    </ClInclude>
    <ClInclude Include="..\..\SigUtil\lib\tools\time_watch.hpp">
      <Filter>Header Files\tools</Filter>
    </ClInclude>
    <ClInclude Include="..\..\SigUtil\lib\helper\type_convert.hpp">
      <Filter>Header Files\helper</Filter>
    </ClInclude>
    <ClInclude Include="..\..\SigUtil\example\modify_test.h">
      <Filter>Header Files\test</Filter>
    </ClInclude>
    <ClInclude Include="..\..\SigUtil\lib\calculation\ublas.hpp">
      <Filter>Header Files\calculation</Filter>
    </ClInclude>
    <ClInclude Include="..\..\SigUtil\lib\helper\type_traits.hpp">
      <Filter>Header Files\helper</Filter>
    </ClInclude>
    <ClInclude Include="..\..\SigUtil\lib\functional\zip.hpp">
      <Filter>Header Files\functional</Filter>
    </ClInclude>
    <ClInclude Include="..\..\SigUtil\lib\tools.hpp">
      <Filter>Header Files</Filter>
    </ClInclude>
    <ClInclude Include="..\..\SigUtil\lib\modify\remove.hpp">
      <Filter>Header Files\modify</Filter>
    </ClInclude>
    <ClInclude Include="..\..\SigUtil\lib\helper\helper.hpp">
      <Filter>Header Files\helper</Filter>
    </ClInclude>
    <ClInclude Include="..\..\SigUtil\lib\calculation\for_each.hpp">
      <Filter>Header Files\calculation</Filter>
    </ClInclude>
    <ClInclude Include="..\..\SigUtil\lib\container\array.hpp">
      <Filter>Header Files\container</Filter>
    </ClInclude>
    <ClInclude Include="..\..\SigUtil\lib\container\rating_matrix.hpp">
      <Filter>Header Files\container</Filter>
    </ClInclude>
    <ClInclude Include="..\..\SigUtil\example\rating_matrix_test.h">
      <Filter>Header Files\test</Filter>
    </ClInclude>
  </ItemGroup>
</Project>